
Microsoft Visual Studio Solution File, Format Version 12.00
# Visual Studio Version 17
VisualStudioVersion = 17.14.36414.22
MinimumVisualStudioVersion = 10.0.40219.1
Project("{FAE04EC0-301F-11D3-BF4B-00C04F79EFBC}") = "DoggyPedia", "DoggyPedia.csproj", "{38F5839F-00A4-4D92-BDE3-098E074B47B0}"
EndProject
Global
	GlobalSection(SolutionConfigurationPlatforms) = preSolution
		Debug|Any CPU = Debug|Any CPU
		Release|Any CPU = Release|Any CPU
	EndGlobalSection
	GlobalSection(ProjectConfigurationPlatforms) = postSolution
		{38F5839F-00A4-4D92-BDE3-098E074B47B0}.Debug|Any CPU.ActiveCfg = Debug|Any CPU
		{38F5839F-00A4-4D92-BDE3-098E074B47B0}.Debug|Any CPU.Build.0 = Debug|Any CPU
		{38F5839F-00A4-4D92-BDE3-098E074B47B0}.Debug|Any CPU.Deploy.0 = Debug|Any CPU
		{38F5839F-00A4-4D92-BDE3-098E074B47B0}.Release|Any CPU.ActiveCfg = Release|Any CPU
		{38F5839F-00A4-4D92-BDE3-098E074B47B0}.Release|Any CPU.Build.0 = Release|Any CPU
	EndGlobalSection
	GlobalSection(SolutionProperties) = preSolution
		HideSolutionNode = FALSE
	EndGlobalSection
	GlobalSection(ExtensibilityGlobals) = postSolution
		SolutionGuid = {72202EF0-2BC9-44DF-AF7C-861FF20AFFE8}
	EndGlobalSection
EndGlobal
